
Microsoft Visual Studio Solution File, Format Version 12.00
# Visual Studio Version 17
VisualStudioVersion = 17.7.34031.279
MinimumVisualStudioVersion = 10.0.40219.1
Project("{FAE04EC0-301F-11D3-BF4B-00C04F79EFBC}") = "BankTransaction", "BankTransaction\BankTransaction.csproj", "{CBF56710-7F23-4AF5-9FE9-BC26342FE8A0}"
EndProject
Global
	GlobalSection(SolutionConfigurationPlatforms) = preSolution
		Debug|Any CPU = Debug|Any CPU
		Release|Any CPU = Release|Any CPU
	EndGlobalSection
	GlobalSection(ProjectConfigurationPlatforms) = postSolution
		{CBF56710-7F23-4AF5-9FE9-BC26342FE8A0}.Debug|Any CPU.ActiveCfg = Debug|Any CPU
		{CBF56710-7F23-4AF5-9FE9-BC26342FE8A0}.Debug|Any CPU.Build.0 = Debug|Any CPU
		{CBF56710-7F23-4AF5-9FE9-BC26342FE8A0}.Release|Any CPU.ActiveCfg = Release|Any CPU
		{CBF56710-7F23-4AF5-9FE9-BC26342FE8A0}.Release|Any CPU.Build.0 = Release|Any CPU
	EndGlobalSection
	GlobalSection(SolutionProperties) = preSolution
		HideSolutionNode = FALSE
	EndGlobalSection
	GlobalSection(ExtensibilityGlobals) = postSolution
		SolutionGuid = {0924AD43-CD53-4434-804B-86F5A0F47EEC}
	EndGlobalSection
EndGlobal
